# This file is automatically @generated by Cargo.
# It is not intended for manual editing.
version = 4

[[package]]
name = "hibana"
version = "0.1.0"
source = "git+https://github.com/hibanaworks/hibana?rev=53bbf06df23262bf3f3f2c9682b985bc73b930ff#53bbf06df23262bf3f3f2c9682b985bc73b930ff"

[[package]]
name = "hibana-cross-repo-smoke"
version = "0.1.0"
dependencies = [
 "hibana",
 "hibana-epf",
 "hibana-mgmt",
]

[[package]]
name = "hibana-epf"
version = "0.1.0"
source = "git+https://github.com/hibanaworks/hibana-epf?rev=c3db6f0ae9c380f5915613f32ae36c00fb32d6e8#c3db6f0ae9c380f5915613f32ae36c00fb32d6e8"
dependencies = [
 "hibana",
]

[[package]]
name = "hibana-mgmt"
version = "0.1.0"
source = "git+https://github.com/hibanaworks/hibana-mgmt?rev=14926a1468610be9948150a44c80df1ad5c1acb0#14926a1468610be9948150a44c80df1ad5c1acb0"
dependencies = [
 "hibana",
 "hibana-epf",
]
