# This file is automatically @generated by Cargo.
# It is not intended for manual editing.
version = 4

[[package]]
name = "hibana"
version = "0.1.0"
source = "git+https://github.com/hibanaworks/hibana?rev=5b0a522a85694718743b19caa1cadb470cf3a22d#5b0a522a85694718743b19caa1cadb470cf3a22d"

[[package]]
name = "hibana-cross-repo-smoke"
version = "0.1.0"
dependencies = [
 "hibana",
 "hibana-epf",
 "hibana-mgmt",
]

[[package]]
name = "hibana-epf"
version = "0.1.0"
source = "git+https://github.com/hibanaworks/hibana-epf?rev=e0a977bf969baa9aa63d6879e9878a4af80e796c#e0a977bf969baa9aa63d6879e9878a4af80e796c"
dependencies = [
 "hibana",
]

[[package]]
name = "hibana-mgmt"
version = "0.1.0"
source = "git+https://github.com/hibanaworks/hibana-mgmt?rev=3c94bcd1e955b2816d97c1e2d485fb27a0ae11d1#3c94bcd1e955b2816d97c1e2d485fb27a0ae11d1"
dependencies = [
 "hibana",
 "hibana-epf",
]
